{
  "name": "@projectaspen/street",
  "version": "0.1.0",
  "lockfileVersion": 1,
  "requires": true,
  "dependencies": {
    "big.js": {
      "version": "5.2.2",
      "resolved": "https://registry.npmjs.org/big.js/-/big.js-5.2.2.tgz",
      "integrity": "sha512-vyL2OymJxmarO8gxMr0mhChsO9QGwhynfuu4+MHTAW6czfq9humCB7rKpUjDd9YUiDPU4mzpyupFSvOClAwbmQ=="
    },
    "simple-statistics": {
      "version": "6.1.1",
      "resolved": "https://registry.npmjs.org/simple-statistics/-/simple-statistics-6.1.1.tgz",
      "integrity": "sha512-zGwn0DDRa9Zel4H4n2pjTFIyGoAGpnpjrGIctreCxj5XWrcx9v7Xy7270FkC967WMmcvuc8ZU7m0ZG+hGN7gAA==",
      "dev": true
    }
  }
}
